// !$*UTF8*$!
{
	archiveVersion = 1;
	classes = {
	};
	objectVersion = 56;
	objects = {

/* Begin PBXBuildFile section */
		64695EA72BB19512008411AA /* O2ScratchCardApp.swift in Sources */ = {isa = PBXBuildFile; fileRef = 64695EA62BB19512008411AA /* O2ScratchCardApp.swift */; };
		64695EA92BB19512008411AA /* ContentView.swift in Sources */ = {isa = PBXBuildFile; fileRef = 64695EA82BB19512008411AA /* ContentView.swift */; };
		64695EAB2BB19512008411AA /* ScratchCard.swift in Sources */ = {isa = PBXBuildFile; fileRef = 64695EAA2BB19512008411AA /* ScratchCard.swift */; };
		64695EAD2BB19513008411AA /* Assets.xcassets in Resources */ = {isa = PBXBuildFile; fileRef = 64695EAC2BB19513008411AA /* Assets.xcassets */; };
		64695EB02BB19513008411AA /* Preview Assets.xcassets in Resources */ = {isa = PBXBuildFile; fileRef = 64695EAF2BB19513008411AA /* Preview Assets.xcassets */; };
		64695EB72BB1A88C008411AA /* ScratchView.swift in Sources */ = {isa = PBXBuildFile; fileRef = 64695EB62BB1A88C008411AA /* ScratchView.swift */; };
		64695EB92BB2B9B5008411AA /* ActivateView.swift in Sources */ = {isa = PBXBuildFile; fileRef = 64695EB82BB2B9B5008411AA /* ActivateView.swift */; };
		64695EBB2BB2C00C008411AA /* AppError.swift in Sources */ = {isa = PBXBuildFile; fileRef = 64695EBA2BB2C00C008411AA /* AppError.swift */; };
		64695EBF2BB2CE03008411AA /* ApiResponse.swift in Sources */ = {isa = PBXBuildFile; fileRef = 64695EBE2BB2CE03008411AA /* ApiResponse.swift */; };
		64695EC72BB2F564008411AA /* O2ScratchCardTests.swift in Sources */ = {isa = PBXBuildFile; fileRef = 64695EC62BB2F564008411AA /* O2ScratchCardTests.swift */; };
/* End PBXBuildFile section */

/* Begin PBXContainerItemProxy section */
		64695EC82BB2F564008411AA /* PBXContainerItemProxy */ = {
			isa = PBXContainerItemProxy;
			containerPortal = 64695E9B2BB19512008411AA /* Project object */;
			proxyType = 1;
			remoteGlobalIDString = 64695EA22BB19512008411AA;
			remoteInfo = O2ScratchCard;
		};
/* End PBXContainerItemProxy section */

/* Begin PBXFileReference section */
		64695EA32BB19512008411AA /* O2ScratchCard.app */ = {isa = PBXFileReference; explicitFileType = wrapper.application; includeInIndex = 0; path = O2ScratchCard.app; sourceTree = BUILT_PRODUCTS_DIR; };
		64695EA62BB19512008411AA /* O2ScratchCardApp.swift */ = {isa = PBXFileReference; lastKnownFileType = sourcecode.swift; path = O2ScratchCardApp.swift; sourceTree = "<group>"; };
		64695EA82BB19512008411AA /* ContentView.swift */ = {isa = PBXFileReference; lastKnownFileType = sourcecode.swift; path = ContentView.swift; sourceTree = "<group>"; };
		64695EAA2BB19512008411AA /* ScratchCard.swift */ = {isa = PBXFileReference; lastKnownFileType = sourcecode.swift; path = ScratchCard.swift; sourceTree = "<group>"; };
		64695EAC2BB19513008411AA /* Assets.xcassets */ = {isa = PBXFileReference; lastKnownFileType = folder.assetcatalog; path = Assets.xcassets; sourceTree = "<group>"; };
		64695EAF2BB19513008411AA /* Preview Assets.xcassets */ = {isa = PBXFileReference; lastKnownFileType = folder.assetcatalog; path = "Preview Assets.xcassets"; sourceTree = "<group>"; };
		64695EB62BB1A88C008411AA /* ScratchView.swift */ = {isa = PBXFileReference; lastKnownFileType = sourcecode.swift; path = ScratchView.swift; sourceTree = "<group>"; };
		64695EB82BB2B9B5008411AA /* ActivateView.swift */ = {isa = PBXFileReference; lastKnownFileType = sourcecode.swift; path = ActivateView.swift; sourceTree = "<group>"; };
		64695EBA2BB2C00C008411AA /* AppError.swift */ = {isa = PBXFileReference; lastKnownFileType = sourcecode.swift; path = AppError.swift; sourceTree = "<group>"; };
		64695EBE2BB2CE03008411AA /* ApiResponse.swift */ = {isa = PBXFileReference; lastKnownFileType = sourcecode.swift; path = ApiResponse.swift; sourceTree = "<group>"; };
		64695EC42BB2F564008411AA /* O2ScratchCardTests.xctest */ = {isa = PBXFileReference; explicitFileType = wrapper.cfbundle; includeInIndex = 0; path = O2ScratchCardTests.xctest; sourceTree = BUILT_PRODUCTS_DIR; };
		64695EC62BB2F564008411AA /* O2ScratchCardTests.swift */ = {isa = PBXFileReference; lastKnownFileType = sourcecode.swift; path = O2ScratchCardTests.swift; sourceTree = "<group>"; };
/* End PBXFileReference section */

/* Begin PBXFrameworksBuildPhase section */
		64695EA02BB19512008411AA /* Frameworks */ = {
			isa = PBXFrameworksBuildPhase;
			buildActionMask = 2147483647;
			files = (
			);
			runOnlyForDeploymentPostprocessing = 0;
		};
		64695EC12BB2F564008411AA /* Frameworks */ = {
			isa = PBXFrameworksBuildPhase;
			buildActionMask = 2147483647;
			files = (
			);
			runOnlyForDeploymentPostprocessing = 0;
		};
/* End PBXFrameworksBuildPhase section */

/* Begin PBXGroup section */
		64695E9A2BB19512008411AA = {
			isa = PBXGroup;
			children = (
				64695EA52BB19512008411AA /* O2ScratchCard */,
				64695EC52BB2F564008411AA /* O2ScratchCardTests */,
				64695EA42BB19512008411AA /* Products */,
			);
			sourceTree = "<group>";
		};
		64695EA42BB19512008411AA /* Products */ = {
			isa = PBXGroup;
			children = (
				64695EA32BB19512008411AA /* O2ScratchCard.app */,
				64695EC42BB2F564008411AA /* O2ScratchCardTests.xctest */,
			);
			name = Products;
			sourceTree = "<group>";
		};
		64695EA52BB19512008411AA /* O2ScratchCard */ = {
			isa = PBXGroup;
			children = (
				64695EA62BB19512008411AA /* O2ScratchCardApp.swift */,
				64695EBD2BB2CDD8008411AA /* Views */,
				64695EBC2BB2CDC1008411AA /* Models */,
				64695EAC2BB19513008411AA /* Assets.xcassets */,
				64695EAE2BB19513008411AA /* Preview Content */,
			);
			path = O2ScratchCard;
			sourceTree = "<group>";
		};
		64695EAE2BB19513008411AA /* Preview Content */ = {
			isa = PBXGroup;
			children = (
				64695EAF2BB19513008411AA /* Preview Assets.xcassets */,
			);
			path = "Preview Content";
			sourceTree = "<group>";
		};
		64695EBC2BB2CDC1008411AA /* Models */ = {
			isa = PBXGroup;
			children = (
				64695EAA2BB19512008411AA /* ScratchCard.swift */,
				64695EBE2BB2CE03008411AA /* ApiResponse.swift */,
				64695EBA2BB2C00C008411AA /* AppError.swift */,
			);
			path = Models;
			sourceTree = "<group>";
		};
		64695EBD2BB2CDD8008411AA /* Views */ = {
			isa = PBXGroup;
			children = (
				64695EA82BB19512008411AA /* ContentView.swift */,
				64695EB62BB1A88C008411AA /* ScratchView.swift */,
				64695EB82BB2B9B5008411AA /* ActivateView.swift */,
			);
			path = Views;
			sourceTree = "<group>";
		};
		64695EC52BB2F564008411AA /* O2ScratchCardTests */ = {
			isa = PBXGroup;
			children = (
				64695EC62BB2F564008411AA /* O2ScratchCardTests.swift */,
			);
			path = O2ScratchCardTests;
			sourceTree = "<group>";
		};
/* End PBXGroup section */

/* Begin PBXNativeTarget section */
		64695EA22BB19512008411AA /* O2ScratchCard */ = {
			isa = PBXNativeTarget;
			buildConfigurationList = 64695EB32BB19513008411AA /* Build configuration list for PBXNativeTarget "O2ScratchCard" */;
			buildPhases = (
				64695E9F2BB19512008411AA /* Sources */,
				64695EA02BB19512008411AA /* Frameworks */,
				64695EA12BB19512008411AA /* Resources */,
			);
			buildRules = (
			);
			dependencies = (
			);
			name = O2ScratchCard;
			productName = O2ScratchCard;
			productReference = 64695EA32BB19512008411AA /* O2ScratchCard.app */;
			productType = "com.apple.product-type.application";
		};
		64695EC32BB2F564008411AA /* O2ScratchCardTests */ = {
			isa = PBXNativeTarget;
			buildConfigurationList = 64695ECA2BB2F564008411AA /* Build configuration list for PBXNativeTarget "O2ScratchCardTests" */;
			buildPhases = (
				64695EC02BB2F564008411AA /* Sources */,
				64695EC12BB2F564008411AA /* Frameworks */,
				64695EC22BB2F564008411AA /* Resources */,
			);
			buildRules = (
			);
			dependencies = (
				64695EC92BB2F564008411AA /* PBXTargetDependency */,
			);
			name = O2ScratchCardTests;
			productName = O2ScratchCardTests;
			productReference = 64695EC42BB2F564008411AA /* O2ScratchCardTests.xctest */;
			productType = "com.apple.product-type.bundle.unit-test";
		};
/* End PBXNativeTarget section */

/* Begin PBXProject section */
		64695E9B2BB19512008411AA /* Project object */ = {
			isa = PBXProject;
			attributes = {
				BuildIndependentTargetsInParallel = 1;
				LastSwiftUpdateCheck = 1530;
				LastUpgradeCheck = 1530;
				TargetAttributes = {
					64695EA22BB19512008411AA = {
						CreatedOnToolsVersion = 15.3;
					};
					64695EC32BB2F564008411AA = {
						CreatedOnToolsVersion = 15.3;
						TestTargetID = 64695EA22BB19512008411AA;
					};
				};
			};
			buildConfigurationList = 64695E9E2BB19512008411AA /* Build configuration list for PBXProject "O2ScratchCard" */;
			compatibilityVersion = "Xcode 14.0";
			developmentRegion = en;
			hasScannedForEncodings = 0;
			knownRegions = (
				en,
				Base,
			);
			mainGroup = 64695E9A2BB19512008411AA;
			productRefGroup = 64695EA42BB19512008411AA /* Products */;
			projectDirPath = "";
			projectRoot = "";
			targets = (
				64695EA22BB19512008411AA /* O2ScratchCard */,
				64695EC32BB2F564008411AA /* O2ScratchCardTests */,
			);
		};
/* End PBXProject section */

/* Begin PBXResourcesBuildPhase section */
		64695EA12BB19512008411AA /* Resources */ = {
			isa = PBXResourcesBuildPhase;
			buildActionMask = 2147483647;
			files = (
				64695EB02BB19513008411AA /* Preview Assets.xcassets in Resources */,
				64695EAD2BB19513008411AA /* Assets.xcassets in Resources */,
			);
			runOnlyForDeploymentPostprocessing = 0;
		};
		64695EC22BB2F564008411AA /* Resources */ = {
			isa = PBXResourcesBuildPhase;
			buildActionMask = 2147483647;
			files = (
			);
			runOnlyForDeploymentPostprocessing = 0;
		};
/* End PBXResourcesBuildPhase section */

/* Begin PBXSourcesBuildPhase section */
		64695E9F2BB19512008411AA /* Sources */ = {
			isa = PBXSourcesBuildPhase;
			buildActionMask = 2147483647;
			files = (
				64695EA92BB19512008411AA /* ContentView.swift in Sources */,
				64695EBF2BB2CE03008411AA /* ApiResponse.swift in Sources */,
				64695EAB2BB19512008411AA /* ScratchCard.swift in Sources */,
				64695EBB2BB2C00C008411AA /* AppError.swift in Sources */,
				64695EA72BB19512008411AA /* O2ScratchCardApp.swift in Sources */,
				64695EB72BB1A88C008411AA /* ScratchView.swift in Sources */,
				64695EB92BB2B9B5008411AA /* ActivateView.swift in Sources */,
			);
			runOnlyForDeploymentPostprocessing = 0;
		};
		64695EC02BB2F564008411AA /* Sources */ = {
			isa = PBXSourcesBuildPhase;
			buildActionMask = 2147483647;
			files = (
				64695EC72BB2F564008411AA /* O2ScratchCardTests.swift in Sources */,
			);
			runOnlyForDeploymentPostprocessing = 0;
		};
/* End PBXSourcesBuildPhase section */

/* Begin PBXTargetDependency section */
		64695EC92BB2F564008411AA /* PBXTargetDependency */ = {
			isa = PBXTargetDependency;
			target = 64695EA22BB19512008411AA /* O2ScratchCard */;
			targetProxy = 64695EC82BB2F564008411AA /* PBXContainerItemProxy */;
		};
/* End PBXTargetDependency section */

/* Begin XCBuildConfiguration section */
		64695EB12BB19513008411AA /* Debug */ = {
			isa = XCBuildConfiguration;
			buildSettings = {
				ALWAYS_SEARCH_USER_PATHS = NO;
				ASSETCATALOG_COMPILER_GENERATE_SWIFT_ASSET_SYMBOL_EXTENSIONS = YES;
				CLANG_ANALYZER_NONNULL = YES;
				CLANG_ANALYZER_NUMBER_OBJECT_CONVERSION = YES_AGGRESSIVE;
				CLANG_CXX_LANGUAGE_STANDARD = "gnu++20";
				CLANG_ENABLE_MODULES = YES;
				CLANG_ENABLE_OBJC_ARC = YES;
				CLANG_ENABLE_OBJC_WEAK = YES;
				CLANG_WARN_BLOCK_CAPTURE_AUTORELEASING = YES;
				CLANG_WARN_BOOL_CONVERSION = YES;
				CLANG_WARN_COMMA = YES;
				CLANG_WARN_CONSTANT_CONVERSION = YES;
				CLANG_WARN_DEPRECATED_OBJC_IMPLEMENTATIONS = YES;
				CLANG_WARN_DIRECT_OBJC_ISA_USAGE = YES_ERROR;
				CLANG_WARN_DOCUMENTATION_COMMENTS = YES;
				CLANG_WARN_EMPTY_BODY = YES;
				CLANG_WARN_ENUM_CONVERSION = YES;
				CLANG_WARN_INFINITE_RECURSION = YES;
				CLANG_WARN_INT_CONVERSION = YES;
				CLANG_WARN_NON_LITERAL_NULL_CONVERSION = YES;
				CLANG_WARN_OBJC_IMPLICIT_RETAIN_SELF = YES;
				CLANG_WARN_OBJC_LITERAL_CONVERSION = YES;
				CLANG_WARN_OBJC_ROOT_CLASS = YES_ERROR;
				CLANG_WARN_QUOTED_INCLUDE_IN_FRAMEWORK_HEADER = YES;
				CLANG_WARN_RANGE_LOOP_ANALYSIS = YES;
				CLANG_WARN_STRICT_PROTOTYPES = YES;
				CLANG_WARN_SUSPICIOUS_MOVE = YES;
				CLANG_WARN_UNGUARDED_AVAILABILITY = YES_AGGRESSIVE;
				CLANG_WARN_UNREACHABLE_CODE = YES;
				CLANG_WARN__DUPLICATE_METHOD_MATCH = YES;
				COPY_PHASE_STRIP = NO;
				DEBUG_INFORMATION_FORMAT = dwarf;
				ENABLE_STRICT_OBJC_MSGSEND = YES;
				ENABLE_TESTABILITY = YES;
				ENABLE_USER_SCRIPT_SANDBOXING = YES;
				GCC_C_LANGUAGE_STANDARD = gnu17;
				GCC_DYNAMIC_NO_PIC = NO;
				GCC_NO_COMMON_BLOCKS = YES;
				GCC_OPTIMIZATION_LEVEL = 0;
				GCC_PREPROCESSOR_DEFINITIONS = (
					"DEBUG=1",
					"$(inherited)",
				);
				GCC_WARN_64_TO_32_BIT_CONVERSION = YES;
				GCC_WARN_ABOUT_RETURN_TYPE = YES_ERROR;
				GCC_WARN_UNDECLARED_SELECTOR = YES;
				GCC_WARN_UNINITIALIZED_AUTOS = YES_AGGRESSIVE;
				GCC_WARN_UNUSED_FUNCTION = YES;
				GCC_WARN_UNUSED_VARIABLE = YES;
				IPHONEOS_DEPLOYMENT_TARGET = 17.4;
				LOCALIZATION_PREFERS_STRING_CATALOGS = YES;
				MTL_ENABLE_DEBUG_INFO = INCLUDE_SOURCE;
				MTL_FAST_MATH = YES;
				ONLY_ACTIVE_ARCH = YES;
				SDKROOT = iphoneos;
				SWIFT_ACTIVE_COMPILATION_CONDITIONS = "DEBUG $(inherited)";
				SWIFT_OPTIMIZATION_LEVEL = "-Onone";
			};
			name = Debug;
		};
		64695EB22BB19513008411AA /* Release */ = {
			isa = XCBuildConfiguration;
			buildSettings = {
				ALWAYS_SEARCH_USER_PATHS = NO;
				ASSETCATALOG_COMPILER_GENERATE_SWIFT_ASSET_SYMBOL_EXTENSIONS = YES;
				CLANG_ANALYZER_NONNULL = YES;
				CLANG_ANALYZER_NUMBER_OBJECT_CONVERSION = YES_AGGRESSIVE;
				CLANG_CXX_LANGUAGE_STANDARD = "gnu++20";
				CLANG_ENABLE_MODULES = YES;
				CLANG_ENABLE_OBJC_ARC = YES;
				CLANG_ENABLE_OBJC_WEAK = YES;
				CLANG_WARN_BLOCK_CAPTURE_AUTORELEASING = YES;
				CLANG_WARN_BOOL_CONVERSION = YES;
				CLANG_WARN_COMMA = YES;
				CLANG_WARN_CONSTANT_CONVERSION = YES;
				CLANG_WARN_DEPRECATED_OBJC_IMPLEMENTATIONS = YES;
				CLANG_WARN_DIRECT_OBJC_ISA_USAGE = YES_ERROR;
				CLANG_WARN_DOCUMENTATION_COMMENTS = YES;
				CLANG_WARN_EMPTY_BODY = YES;
				CLANG_WARN_ENUM_CONVERSION = YES;
				CLANG_WARN_INFINITE_RECURSION = YES;
				CLANG_WARN_INT_CONVERSION = YES;
				CLANG_WARN_NON_LITERAL_NULL_CONVERSION = YES;
				CLANG_WARN_OBJC_IMPLICIT_RETAIN_SELF = YES;
				CLANG_WARN_OBJC_LITERAL_CONVERSION = YES;
				CLANG_WARN_OBJC_ROOT_CLASS = YES_ERROR;
				CLANG_WARN_QUOTED_INCLUDE_IN_FRAMEWORK_HEADER = YES;
				CLANG_WARN_RANGE_LOOP_ANALYSIS = YES;
				CLANG_WARN_STRICT_PROTOTYPES = YES;
				CLANG_WARN_SUSPICIOUS_MOVE = YES;
				CLANG_WARN_UNGUARDED_AVAILABILITY = YES_AGGRESSIVE;
				CLANG_WARN_UNREACHABLE_CODE = YES;
				CLANG_WARN__DUPLICATE_METHOD_MATCH = YES;
				COPY_PHASE_STRIP = NO;
				DEBUG_INFORMATION_FORMAT = "dwarf-with-dsym";
				ENABLE_NS_ASSERTIONS = NO;
				ENABLE_STRICT_OBJC_MSGSEND = YES;
				ENABLE_USER_SCRIPT_SANDBOXING = YES;
				GCC_C_LANGUAGE_STANDARD = gnu17;
				GCC_NO_COMMON_BLOCKS = YES;
				GCC_WARN_64_TO_32_BIT_CONVERSION = YES;
				GCC_WARN_ABOUT_RETURN_TYPE = YES_ERROR;
				GCC_WARN_UNDECLARED_SELECTOR = YES;
				GCC_WARN_UNINITIALIZED_AUTOS = YES_AGGRESSIVE;
				GCC_WARN_UNUSED_FUNCTION = YES;
				GCC_WARN_UNUSED_VARIABLE = YES;
				IPHONEOS_DEPLOYMENT_TARGET = 17.4;
				LOCALIZATION_PREFERS_STRING_CATALOGS = YES;
				MTL_ENABLE_DEBUG_INFO = NO;
				MTL_FAST_MATH = YES;
				SDKROOT = iphoneos;
				SWIFT_COMPILATION_MODE = wholemodule;
				VALIDATE_PRODUCT = YES;
			};
			name = Release;
		};
		64695EB42BB19513008411AA /* Debug */ = {
			isa = XCBuildConfiguration;
			buildSettings = {
				ASSETCATALOG_COMPILER_APPICON_NAME = AppIcon;
				ASSETCATALOG_COMPILER_GLOBAL_ACCENT_COLOR_NAME = AccentColor;
				CODE_SIGN_STYLE = Automatic;
				CURRENT_PROJECT_VERSION = 1;
				DEVELOPMENT_ASSET_PATHS = "\"O2ScratchCard/Preview Content\"";
				ENABLE_PREVIEWS = YES;
				GENERATE_INFOPLIST_FILE = YES;
				INFOPLIST_KEY_UIApplicationSceneManifest_Generation = YES;
				INFOPLIST_KEY_UIApplicationSupportsIndirectInputEvents = YES;
				INFOPLIST_KEY_UILaunchScreen_Generation = YES;
				INFOPLIST_KEY_UISupportedInterfaceOrientations_iPad = "UIInterfaceOrientationPortrait UIInterfaceOrientationPortraitUpsideDown UIInterfaceOrientationLandscapeLeft UIInterfaceOrientationLandscapeRight";
				INFOPLIST_KEY_UISupportedInterfaceOrientations_iPhone = "UIInterfaceOrientationPortrait UIInterfaceOrientationLandscapeLeft UIInterfaceOrientationLandscapeRight";
				LD_RUNPATH_SEARCH_PATHS = (
					"$(inherited)",
					"@executable_path/Frameworks",
				);
				MARKETING_VERSION = 1.0;
				PRODUCT_BUNDLE_IDENTIFIER = tomas.korfant.O2ScratchCard;
				PRODUCT_NAME = "$(TARGET_NAME)";
				SWIFT_EMIT_LOC_STRINGS = YES;
				SWIFT_VERSION = 5.0;
				TARGETED_DEVICE_FAMILY = "1,2";
			};
			name = Debug;
		};
		64695EB52BB19513008411AA /* Release */ = {
			isa = XCBuildConfiguration;
			buildSettings = {
				ASSETCATALOG_COMPILER_APPICON_NAME = AppIcon;
				ASSETCATALOG_COMPILER_GLOBAL_ACCENT_COLOR_NAME = AccentColor;
				CODE_SIGN_STYLE = Automatic;
				CURRENT_PROJECT_VERSION = 1;
				DEVELOPMENT_ASSET_PATHS = "\"O2ScratchCard/Preview Content\"";
				ENABLE_PREVIEWS = YES;
				GENERATE_INFOPLIST_FILE = YES;
				INFOPLIST_KEY_UIApplicationSceneManifest_Generation = YES;
				INFOPLIST_KEY_UIApplicationSupportsIndirectInputEvents = YES;
				INFOPLIST_KEY_UILaunchScreen_Generation = YES;
				INFOPLIST_KEY_UISupportedInterfaceOrientations_iPad = "UIInterfaceOrientationPortrait UIInterfaceOrientationPortraitUpsideDown UIInterfaceOrientationLandscapeLeft UIInterfaceOrientationLandscapeRight";
				INFOPLIST_KEY_UISupportedInterfaceOrientations_iPhone = "UIInterfaceOrientationPortrait UIInterfaceOrientationLandscapeLeft UIInterfaceOrientationLandscapeRight";
				LD_RUNPATH_SEARCH_PATHS = (
					"$(inherited)",
					"@executable_path/Frameworks",
				);
				MARKETING_VERSION = 1.0;
				PRODUCT_BUNDLE_IDENTIFIER = tomas.korfant.O2ScratchCard;
				PRODUCT_NAME = "$(TARGET_NAME)";
				SWIFT_EMIT_LOC_STRINGS = YES;
				SWIFT_VERSION = 5.0;
				TARGETED_DEVICE_FAMILY = "1,2";
			};
			name = Release;
		};
		64695ECB2BB2F564008411AA /* Debug */ = {
			isa = XCBuildConfiguration;
			buildSettings = {
				BUNDLE_LOADER = "$(TEST_HOST)";
				CODE_SIGN_STYLE = Automatic;
				CURRENT_PROJECT_VERSION = 1;
				GENERATE_INFOPLIST_FILE = YES;
				MARKETING_VERSION = 1.0;
				PRODUCT_BUNDLE_IDENTIFIER = tomas.korfant.O2ScratchCardTests;
				PRODUCT_NAME = "$(TARGET_NAME)";
				SWIFT_EMIT_LOC_STRINGS = NO;
				SWIFT_VERSION = 5.0;
				TARGETED_DEVICE_FAMILY = "1,2";
				TEST_HOST = "$(BUILT_PRODUCTS_DIR)/O2ScratchCard.app/$(BUNDLE_EXECUTABLE_FOLDER_PATH)/O2ScratchCard";
			};
			name = Debug;
		};
		64695ECC2BB2F564008411AA /* Release */ = {
			isa = XCBuildConfiguration;
			buildSettings = {
				BUNDLE_LOADER = "$(TEST_HOST)";
				CODE_SIGN_STYLE = Automatic;
				CURRENT_PROJECT_VERSION = 1;
				GENERATE_INFOPLIST_FILE = YES;
				MARKETING_VERSION = 1.0;
				PRODUCT_BUNDLE_IDENTIFIER = tomas.korfant.O2ScratchCardTests;
				PRODUCT_NAME = "$(TARGET_NAME)";
				SWIFT_EMIT_LOC_STRINGS = NO;
				SWIFT_VERSION = 5.0;
				TARGETED_DEVICE_FAMILY = "1,2";
				TEST_HOST = "$(BUILT_PRODUCTS_DIR)/O2ScratchCard.app/$(BUNDLE_EXECUTABLE_FOLDER_PATH)/O2ScratchCard";
			};
			name = Release;
		};
/* End XCBuildConfiguration section */

/* Begin XCConfigurationList section */
		64695E9E2BB19512008411AA /* Build configuration list for PBXProject "O2ScratchCard" */ = {
			isa = XCConfigurationList;
			buildConfigurations = (
				64695EB12BB19513008411AA /* Debug */,
				64695EB22BB19513008411AA /* Release */,
			);
			defaultConfigurationIsVisible = 0;
			defaultConfigurationName = Release;
		};
		64695EB32BB19513008411AA /* Build configuration list for PBXNativeTarget "O2ScratchCard" */ = {
			isa = XCConfigurationList;
			buildConfigurations = (
				64695EB42BB19513008411AA /* Debug */,
				64695EB52BB19513008411AA /* Release */,
			);
			defaultConfigurationIsVisible = 0;
			defaultConfigurationName = Release;
		};
		64695ECA2BB2F564008411AA /* Build configuration list for PBXNativeTarget "O2ScratchCardTests" */ = {
			isa = XCConfigurationList;
			buildConfigurations = (
				64695ECB2BB2F564008411AA /* Debug */,
				64695ECC2BB2F564008411AA /* Release */,
			);
			defaultConfigurationIsVisible = 0;
			defaultConfigurationName = Release;
		};
/* End XCConfigurationList section */
	};
	rootObject = 64695E9B2BB19512008411AA /* Project object */;
}
